
Microsoft Visual Studio Solution File, Format Version 12.00
# Visual Studio 2012
Project("{FAE04EC0-301F-11D3-BF4B-00C04F79EFBC}") = "Checkout.DevCon", "Checkout.DevConf\Checkout.DevCon.csproj", "{2C23ADB8-348C-48DB-9530-8BB2410EB03C}"
EndProject
Project("{FAE04EC0-301F-11D3-BF4B-00C04F79EFBC}") = "Checkout.DevCon.Tests", "Checkout.DevCon.Tests\Checkout.DevCon.Tests.csproj", "{FA2D4316-9162-46CA-AA0C-EA20EFECD138}"
EndProject
Global
	GlobalSection(SolutionConfigurationPlatforms) = preSolution
		Debug|Any CPU = Debug|Any CPU
		Release|Any CPU = Release|Any CPU
	EndGlobalSection
	GlobalSection(ProjectConfigurationPlatforms) = postSolution
		{2C23ADB8-348C-48DB-9530-8BB2410EB03C}.Debug|Any CPU.ActiveCfg = Debug|Any CPU
		{2C23ADB8-348C-48DB-9530-8BB2410EB03C}.Debug|Any CPU.Build.0 = Debug|Any CPU
		{2C23ADB8-348C-48DB-9530-8BB2410EB03C}.Release|Any CPU.ActiveCfg = Release|Any CPU
		{2C23ADB8-348C-48DB-9530-8BB2410EB03C}.Release|Any CPU.Build.0 = Release|Any CPU
		{FA2D4316-9162-46CA-AA0C-EA20EFECD138}.Debug|Any CPU.ActiveCfg = Debug|Any CPU
		{FA2D4316-9162-46CA-AA0C-EA20EFECD138}.Debug|Any CPU.Build.0 = Debug|Any CPU
		{FA2D4316-9162-46CA-AA0C-EA20EFECD138}.Release|Any CPU.ActiveCfg = Release|Any CPU
		{FA2D4316-9162-46CA-AA0C-EA20EFECD138}.Release|Any CPU.Build.0 = Release|Any CPU
	EndGlobalSection
	GlobalSection(SolutionProperties) = preSolution
		HideSolutionNode = FALSE
	EndGlobalSection
EndGlobal
